
Microsoft Visual Studio Solution File, Format Version 12.00
# Visual Studio Version 16
VisualStudioVersion = 16.0.30711.63
MinimumVisualStudioVersion = 10.0.40219.1
Project("{FAE04EC0-301F-11D3-BF4B-00C04F79EFBC}") = "ImagesViewer", "ImagesViewer\ImagesViewer.csproj", "{16898C20-A09B-4CF7-B468-7CAE26CB3913}"
EndProject
Global
	GlobalSection(SolutionConfigurationPlatforms) = preSolution
		Debug|Any CPU = Debug|Any CPU
		Release|Any CPU = Release|Any CPU
	EndGlobalSection
	GlobalSection(ProjectConfigurationPlatforms) = postSolution
		{16898C20-A09B-4CF7-B468-7CAE26CB3913}.Debug|Any CPU.ActiveCfg = Debug|Any CPU
		{16898C20-A09B-4CF7-B468-7CAE26CB3913}.Debug|Any CPU.Build.0 = Debug|Any CPU
		{16898C20-A09B-4CF7-B468-7CAE26CB3913}.Release|Any CPU.ActiveCfg = Release|Any CPU
		{16898C20-A09B-4CF7-B468-7CAE26CB3913}.Release|Any CPU.Build.0 = Release|Any CPU
	EndGlobalSection
	GlobalSection(SolutionProperties) = preSolution
		HideSolutionNode = FALSE
	EndGlobalSection
	GlobalSection(ExtensibilityGlobals) = postSolution
		SolutionGuid = {25EB278C-66CA-4F8D-8931-45AD884C558A}
	EndGlobalSection
EndGlobal
